// !$*UTF8*$!
{
	archiveVersion = 1;
	classes = {
	};
	objectVersion = 56;
	objects = {

/* Begin PBXBuildFile section */
		8955EBCF2B8F45B70074CFC0 /* AppDelegate.swift in Sources */ = {isa = PBXBuildFile; fileRef = 8955EBCE2B8F45B70074CFC0 /* AppDelegate.swift */; };
		8955EBD12B8F45B70074CFC0 /* SceneDelegate.swift in Sources */ = {isa = PBXBuildFile; fileRef = 8955EBD02B8F45B70074CFC0 /* SceneDelegate.swift */; };
		8955EBD32B8F45B70074CFC0 /* ViewController.swift in Sources */ = {isa = PBXBuildFile; fileRef = 8955EBD22B8F45B70074CFC0 /* ViewController.swift */; };
		8955EBD62B8F45B70074CFC0 /* Main.storyboard in Resources */ = {isa = PBXBuildFile; fileRef = 8955EBD42B8F45B70074CFC0 /* Main.storyboard */; };
		8955EBD92B8F45B70074CFC0 /* Ecommerce.xcdatamodeld in Sources */ = {isa = PBXBuildFile; fileRef = 8955EBD72B8F45B70074CFC0 /* Ecommerce.xcdatamodeld */; };
		8955EBDB2B8F45B80074CFC0 /* Assets.xcassets in Resources */ = {isa = PBXBuildFile; fileRef = 8955EBDA2B8F45B80074CFC0 /* Assets.xcassets */; };
		8955EBDE2B8F45B80074CFC0 /* LaunchScreen.storyboard in Resources */ = {isa = PBXBuildFile; fileRef = 8955EBDC2B8F45B80074CFC0 /* LaunchScreen.storyboard */; };
		8955EBE92B8F45B80074CFC0 /* EcommerceTests.swift in Sources */ = {isa = PBXBuildFile; fileRef = 8955EBE82B8F45B80074CFC0 /* EcommerceTests.swift */; };
		8955EBF32B8F45B80074CFC0 /* EcommerceUITests.swift in Sources */ = {isa = PBXBuildFile; fileRef = 8955EBF22B8F45B80074CFC0 /* EcommerceUITests.swift */; };
		8955EBF52B8F45B80074CFC0 /* EcommerceUITestsLaunchTests.swift in Sources */ = {isa = PBXBuildFile; fileRef = 8955EBF42B8F45B80074CFC0 /* EcommerceUITestsLaunchTests.swift */; };
		8955EC0B2B8F488B0074CFC0 /* ProductCell.swift in Sources */ = {isa = PBXBuildFile; fileRef = 8955EC0A2B8F488B0074CFC0 /* ProductCell.swift */; };
		8955EC0E2B8F49300074CFC0 /* CGFloat + Extensions.swift in Sources */ = {isa = PBXBuildFile; fileRef = 8955EC0D2B8F49300074CFC0 /* CGFloat + Extensions.swift */; };
		8955EC132B8F49D60074CFC0 /* Item.swift in Sources */ = {isa = PBXBuildFile; fileRef = 8955EC122B8F49D60074CFC0 /* Item.swift */; };
		8955EC162B8F4A6C0074CFC0 /* Kingfisher in Frameworks */ = {isa = PBXBuildFile; productRef = 8955EC152B8F4A6C0074CFC0 /* Kingfisher */; };
		8955EC192B8F4DF80074CFC0 /* AddToCartView.swift in Sources */ = {isa = PBXBuildFile; fileRef = 8955EC182B8F4DF80074CFC0 /* AddToCartView.swift */; };
		8955EC1B2B8F52F20074CFC0 /* UIView + Extensions.swift in Sources */ = {isa = PBXBuildFile; fileRef = 8955EC1A2B8F52F20074CFC0 /* UIView + Extensions.swift */; };
		8955EC202B8F58CA0074CFC0 /* ListingViewController.swift in Sources */ = {isa = PBXBuildFile; fileRef = 8955EC1F2B8F58CA0074CFC0 /* ListingViewController.swift */; };
		8955EC232B8F59520074CFC0 /* CollectionViewCell + Extensions.swift in Sources */ = {isa = PBXBuildFile; fileRef = 8955EC222B8F59520074CFC0 /* CollectionViewCell + Extensions.swift */; };
		8955EC262B8F5DFF0074CFC0 /* CartManager.swift in Sources */ = {isa = PBXBuildFile; fileRef = 8955EC252B8F5DFF0074CFC0 /* CartManager.swift */; };
		8955EC2C2B8F6E7A0074CFC0 /* TabViewController.swift in Sources */ = {isa = PBXBuildFile; fileRef = 8955EC2B2B8F6E7A0074CFC0 /* TabViewController.swift */; };
		8955EC312B8F70380074CFC0 /* CartViewController.swift in Sources */ = {isa = PBXBuildFile; fileRef = 8955EC302B8F70380074CFC0 /* CartViewController.swift */; };
		8955EC352B8F764A0074CFC0 /* DetailViewController.swift in Sources */ = {isa = PBXBuildFile; fileRef = 8955EC342B8F764A0074CFC0 /* DetailViewController.swift */; };
		8955EC382B8F7B400074CFC0 /* DetailBuilder.swift in Sources */ = {isa = PBXBuildFile; fileRef = 8955EC372B8F7B400074CFC0 /* DetailBuilder.swift */; };
		8955EC3A2B8FC2A10074CFC0 /* StepperView.swift in Sources */ = {isa = PBXBuildFile; fileRef = 8955EC392B8FC2A10074CFC0 /* StepperView.swift */; };
		8955EC3D2B8FC7F30074CFC0 /* CartItemView.swift in Sources */ = {isa = PBXBuildFile; fileRef = 8955EC3C2B8FC7F30074CFC0 /* CartItemView.swift */; };
/* End PBXBuildFile section */

/* Begin PBXContainerItemProxy section */
		8955EBE52B8F45B80074CFC0 /* PBXContainerItemProxy */ = {
			isa = PBXContainerItemProxy;
			containerPortal = 8955EBC32B8F45B70074CFC0 /* Project object */;
			proxyType = 1;
			remoteGlobalIDString = 8955EBCA2B8F45B70074CFC0;
			remoteInfo = Ecommerce;
		};
		8955EBEF2B8F45B80074CFC0 /* PBXContainerItemProxy */ = {
			isa = PBXContainerItemProxy;
			containerPortal = 8955EBC32B8F45B70074CFC0 /* Project object */;
			proxyType = 1;
			remoteGlobalIDString = 8955EBCA2B8F45B70074CFC0;
			remoteInfo = Ecommerce;
		};
/* End PBXContainerItemProxy section */

/* Begin PBXFileReference section */
		8955EBCB2B8F45B70074CFC0 /* Ecommerce.app */ = {isa = PBXFileReference; explicitFileType = wrapper.application; includeInIndex = 0; path = Ecommerce.app; sourceTree = BUILT_PRODUCTS_DIR; };
		8955EBCE2B8F45B70074CFC0 /* AppDelegate.swift */ = {isa = PBXFileReference; lastKnownFileType = sourcecode.swift; path = AppDelegate.swift; sourceTree = "<group>"; };
		8955EBD02B8F45B70074CFC0 /* SceneDelegate.swift */ = {isa = PBXFileReference; lastKnownFileType = sourcecode.swift; path = SceneDelegate.swift; sourceTree = "<group>"; };
		8955EBD22B8F45B70074CFC0 /* ViewController.swift */ = {isa = PBXFileReference; lastKnownFileType = sourcecode.swift; path = ViewController.swift; sourceTree = "<group>"; };
		8955EBD52B8F45B70074CFC0 /* Base */ = {isa = PBXFileReference; lastKnownFileType = file.storyboard; name = Base; path = Base.lproj/Main.storyboard; sourceTree = "<group>"; };
		8955EBD82B8F45B70074CFC0 /* Ecommerce.xcdatamodel */ = {isa = PBXFileReference; lastKnownFileType = wrapper.xcdatamodel; path = Ecommerce.xcdatamodel; sourceTree = "<group>"; };
		8955EBDA2B8F45B80074CFC0 /* Assets.xcassets */ = {isa = PBXFileReference; lastKnownFileType = folder.assetcatalog; path = Assets.xcassets; sourceTree = "<group>"; };
		8955EBDD2B8F45B80074CFC0 /* Base */ = {isa = PBXFileReference; lastKnownFileType = file.storyboard; name = Base; path = Base.lproj/LaunchScreen.storyboard; sourceTree = "<group>"; };
		8955EBDF2B8F45B80074CFC0 /* Info.plist */ = {isa = PBXFileReference; lastKnownFileType = text.plist.xml; path = Info.plist; sourceTree = "<group>"; };
		8955EBE42B8F45B80074CFC0 /* EcommerceTests.xctest */ = {isa = PBXFileReference; explicitFileType = wrapper.cfbundle; includeInIndex = 0; path = EcommerceTests.xctest; sourceTree = BUILT_PRODUCTS_DIR; };
		8955EBE82B8F45B80074CFC0 /* EcommerceTests.swift */ = {isa = PBXFileReference; lastKnownFileType = sourcecode.swift; path = EcommerceTests.swift; sourceTree = "<group>"; };
		8955EBEE2B8F45B80074CFC0 /* EcommerceUITests.xctest */ = {isa = PBXFileReference; explicitFileType = wrapper.cfbundle; includeInIndex = 0; path = EcommerceUITests.xctest; sourceTree = BUILT_PRODUCTS_DIR; };
		8955EBF22B8F45B80074CFC0 /* EcommerceUITests.swift */ = {isa = PBXFileReference; lastKnownFileType = sourcecode.swift; path = EcommerceUITests.swift; sourceTree = "<group>"; };
		8955EBF42B8F45B80074CFC0 /* EcommerceUITestsLaunchTests.swift */ = {isa = PBXFileReference; lastKnownFileType = sourcecode.swift; path = EcommerceUITestsLaunchTests.swift; sourceTree = "<group>"; };
		8955EC0A2B8F488B0074CFC0 /* ProductCell.swift */ = {isa = PBXFileReference; lastKnownFileType = sourcecode.swift; path = ProductCell.swift; sourceTree = "<group>"; };
		8955EC0D2B8F49300074CFC0 /* CGFloat + Extensions.swift */ = {isa = PBXFileReference; lastKnownFileType = sourcecode.swift; path = "CGFloat + Extensions.swift"; sourceTree = "<group>"; };
		8955EC122B8F49D60074CFC0 /* Item.swift */ = {isa = PBXFileReference; lastKnownFileType = sourcecode.swift; path = Item.swift; sourceTree = "<group>"; };
		8955EC182B8F4DF80074CFC0 /* AddToCartView.swift */ = {isa = PBXFileReference; lastKnownFileType = sourcecode.swift; path = AddToCartView.swift; sourceTree = "<group>"; };
		8955EC1A2B8F52F20074CFC0 /* UIView + Extensions.swift */ = {isa = PBXFileReference; lastKnownFileType = sourcecode.swift; path = "UIView + Extensions.swift"; sourceTree = "<group>"; };
		8955EC1F2B8F58CA0074CFC0 /* ListingViewController.swift */ = {isa = PBXFileReference; lastKnownFileType = sourcecode.swift; path = ListingViewController.swift; sourceTree = "<group>"; };
		8955EC222B8F59520074CFC0 /* CollectionViewCell + Extensions.swift */ = {isa = PBXFileReference; lastKnownFileType = sourcecode.swift; path = "CollectionViewCell + Extensions.swift"; sourceTree = "<group>"; };
		8955EC252B8F5DFF0074CFC0 /* CartManager.swift */ = {isa = PBXFileReference; lastKnownFileType = sourcecode.swift; path = CartManager.swift; sourceTree = "<group>"; };
		8955EC2B2B8F6E7A0074CFC0 /* TabViewController.swift */ = {isa = PBXFileReference; lastKnownFileType = sourcecode.swift; path = TabViewController.swift; sourceTree = "<group>"; };
		8955EC302B8F70380074CFC0 /* CartViewController.swift */ = {isa = PBXFileReference; lastKnownFileType = sourcecode.swift; path = CartViewController.swift; sourceTree = "<group>"; };
		8955EC342B8F764A0074CFC0 /* DetailViewController.swift */ = {isa = PBXFileReference; lastKnownFileType = sourcecode.swift; path = DetailViewController.swift; sourceTree = "<group>"; };
		8955EC372B8F7B400074CFC0 /* DetailBuilder.swift */ = {isa = PBXFileReference; lastKnownFileType = sourcecode.swift; path = DetailBuilder.swift; sourceTree = "<group>"; };
		8955EC392B8FC2A10074CFC0 /* StepperView.swift */ = {isa = PBXFileReference; lastKnownFileType = sourcecode.swift; path = StepperView.swift; sourceTree = "<group>"; };
		8955EC3C2B8FC7F30074CFC0 /* CartItemView.swift */ = {isa = PBXFileReference; lastKnownFileType = sourcecode.swift; path = CartItemView.swift; sourceTree = "<group>"; };
/* End PBXFileReference section */

/* Begin PBXFrameworksBuildPhase section */
		8955EBC82B8F45B70074CFC0 /* Frameworks */ = {
			isa = PBXFrameworksBuildPhase;
			buildActionMask = 2147483647;
			files = (
				8955EC162B8F4A6C0074CFC0 /* Kingfisher in Frameworks */,
			);
			runOnlyForDeploymentPostprocessing = 0;
		};
		8955EBE12B8F45B80074CFC0 /* Frameworks */ = {
			isa = PBXFrameworksBuildPhase;
			buildActionMask = 2147483647;
			files = (
			);
			runOnlyForDeploymentPostprocessing = 0;
		};
		8955EBEB2B8F45B80074CFC0 /* Frameworks */ = {
			isa = PBXFrameworksBuildPhase;
			buildActionMask = 2147483647;
			files = (
			);
			runOnlyForDeploymentPostprocessing = 0;
		};
/* End PBXFrameworksBuildPhase section */

/* Begin PBXGroup section */
		8955EBC22B8F45B70074CFC0 = {
			isa = PBXGroup;
			children = (
				8955EBCD2B8F45B70074CFC0 /* Ecommerce */,
				8955EBE72B8F45B80074CFC0 /* EcommerceTests */,
				8955EBF12B8F45B80074CFC0 /* EcommerceUITests */,
				8955EBCC2B8F45B70074CFC0 /* Products */,
			);
			sourceTree = "<group>";
		};
		8955EBCC2B8F45B70074CFC0 /* Products */ = {
			isa = PBXGroup;
			children = (
				8955EBCB2B8F45B70074CFC0 /* Ecommerce.app */,
				8955EBE42B8F45B80074CFC0 /* EcommerceTests.xctest */,
				8955EBEE2B8F45B80074CFC0 /* EcommerceUITests.xctest */,
			);
			name = Products;
			sourceTree = "<group>";
		};
		8955EBCD2B8F45B70074CFC0 /* Ecommerce */ = {
			isa = PBXGroup;
			children = (
				8955EC242B8F5DF50074CFC0 /* Helper */,
				8955EC082B8F48780074CFC0 /* Common */,
				8955EC022B8F470D0074CFC0 /* Supporting Files */,
				8955EC012B8F47050074CFC0 /* Pages */,
				8955EBDF2B8F45B80074CFC0 /* Info.plist */,
			);
			path = Ecommerce;
			sourceTree = "<group>";
		};
		8955EBE72B8F45B80074CFC0 /* EcommerceTests */ = {
			isa = PBXGroup;
			children = (
				8955EBE82B8F45B80074CFC0 /* EcommerceTests.swift */,
			);
			path = EcommerceTests;
			sourceTree = "<group>";
		};
		8955EBF12B8F45B80074CFC0 /* EcommerceUITests */ = {
			isa = PBXGroup;
			children = (
				8955EBF22B8F45B80074CFC0 /* EcommerceUITests.swift */,
				8955EBF42B8F45B80074CFC0 /* EcommerceUITestsLaunchTests.swift */,
			);
			path = EcommerceUITests;
			sourceTree = "<group>";
		};
		8955EC012B8F47050074CFC0 /* Pages */ = {
			isa = PBXGroup;
			children = (
				8955EC282B8F6E4C0074CFC0 /* Tabbar */,
				8955EC072B8F48370074CFC0 /* Filter */,
				8955EC062B8F482B0074CFC0 /* Favorites */,
				8955EC052B8F47900074CFC0 /* Cart */,
				8955EC042B8F478D0074CFC0 /* Detail */,
				8955EC032B8F47880074CFC0 /* Listing */,
			);
			path = Pages;
			sourceTree = "<group>";
		};
		8955EC022B8F470D0074CFC0 /* Supporting Files */ = {
			isa = PBXGroup;
			children = (
				8955EBCE2B8F45B70074CFC0 /* AppDelegate.swift */,
				8955EBD02B8F45B70074CFC0 /* SceneDelegate.swift */,
				8955EBD22B8F45B70074CFC0 /* ViewController.swift */,
				8955EBD42B8F45B70074CFC0 /* Main.storyboard */,
				8955EBDA2B8F45B80074CFC0 /* Assets.xcassets */,
				8955EBDC2B8F45B80074CFC0 /* LaunchScreen.storyboard */,
				8955EBD72B8F45B70074CFC0 /* Ecommerce.xcdatamodeld */,
			);
			path = "Supporting Files";
			sourceTree = "<group>";
		};
		8955EC032B8F47880074CFC0 /* Listing */ = {
			isa = PBXGroup;
			children = (
				8955EC1C2B8F58AA0074CFC0 /* View */,
				8955EC102B8F499C0074CFC0 /* ViewModel */,
				8955EC0F2B8F49950074CFC0 /* Model */,
			);
			path = Listing;
			sourceTree = "<group>";
		};
		8955EC042B8F478D0074CFC0 /* Detail */ = {
			isa = PBXGroup;
			children = (
				8955EC362B8F7B320074CFC0 /* Builder */,
				8955EC332B8F763B0074CFC0 /* ViewModel */,
				8955EC322B8F76320074CFC0 /* View */,
			);
			path = Detail;
			sourceTree = "<group>";
		};
		8955EC052B8F47900074CFC0 /* Cart */ = {
			isa = PBXGroup;
			children = (
				8955EC2F2B8F702A0074CFC0 /* ViewModel */,
				8955EC2E2B8F70240074CFC0 /* View */,
				8955EC2D2B8F70200074CFC0 /* Model */,
			);
			path = Cart;
			sourceTree = "<group>";
		};
		8955EC062B8F482B0074CFC0 /* Favorites */ = {
			isa = PBXGroup;
			children = (
			);
			path = Favorites;
			sourceTree = "<group>";
		};
		8955EC072B8F48370074CFC0 /* Filter */ = {
			isa = PBXGroup;
			children = (
			);
			path = Filter;
			sourceTree = "<group>";
		};
		8955EC082B8F48780074CFC0 /* Common */ = {
			isa = PBXGroup;
			children = (
				8955EC0C2B8F49260074CFC0 /* Extensions */,
				8955EC092B8F487B0074CFC0 /* View */,
			);
			path = Common;
			sourceTree = "<group>";
		};
		8955EC092B8F487B0074CFC0 /* View */ = {
			isa = PBXGroup;
			children = (
				8955EC3B2B8FC7DA0074CFC0 /* CartItem */,
				8955EC172B8F4DE20074CFC0 /* AddToCart */,
				8955EC112B8F49AA0074CFC0 /* ProductCell */,
			);
			path = View;
			sourceTree = "<group>";
		};
		8955EC0C2B8F49260074CFC0 /* Extensions */ = {
			isa = PBXGroup;
			children = (
				8955EC0D2B8F49300074CFC0 /* CGFloat + Extensions.swift */,
				8955EC1A2B8F52F20074CFC0 /* UIView + Extensions.swift */,
				8955EC222B8F59520074CFC0 /* CollectionViewCell + Extensions.swift */,
			);
			path = Extensions;
			sourceTree = "<group>";
		};
		8955EC0F2B8F49950074CFC0 /* Model */ = {
			isa = PBXGroup;
			children = (
				8955EC122B8F49D60074CFC0 /* Item.swift */,
			);
			path = Model;
			sourceTree = "<group>";
		};
		8955EC102B8F499C0074CFC0 /* ViewModel */ = {
			isa = PBXGroup;
			children = (
				8955EC272B8F68EF0074CFC0 /* ListingViewModel */,
			);
			path = ViewModel;
			sourceTree = "<group>";
		};
		8955EC112B8F49AA0074CFC0 /* ProductCell */ = {
			isa = PBXGroup;
			children = (
				8955EC0A2B8F488B0074CFC0 /* ProductCell.swift */,
			);
			path = ProductCell;
			sourceTree = "<group>";
		};
		8955EC172B8F4DE20074CFC0 /* AddToCart */ = {
			isa = PBXGroup;
			children = (
				8955EC182B8F4DF80074CFC0 /* AddToCartView.swift */,
				8955EC392B8FC2A10074CFC0 /* StepperView.swift */,
			);
			path = AddToCart;
			sourceTree = "<group>";
		};
		8955EC1C2B8F58AA0074CFC0 /* View */ = {
			isa = PBXGroup;
			children = (
				8955EC1F2B8F58CA0074CFC0 /* ListingViewController.swift */,
			);
			path = View;
			sourceTree = "<group>";
		};
		8955EC242B8F5DF50074CFC0 /* Helper */ = {
			isa = PBXGroup;
			children = (
				8955EC252B8F5DFF0074CFC0 /* CartManager.swift */,
			);
			path = Helper;
			sourceTree = "<group>";
		};
		8955EC272B8F68EF0074CFC0 /* ListingViewModel */ = {
			isa = PBXGroup;
			children = (
			);
			path = ListingViewModel;
			sourceTree = "<group>";
		};
		8955EC282B8F6E4C0074CFC0 /* Tabbar */ = {
			isa = PBXGroup;
			children = (
				8955EC2B2B8F6E7A0074CFC0 /* TabViewController.swift */,
			);
			path = Tabbar;
			sourceTree = "<group>";
		};
		8955EC2D2B8F70200074CFC0 /* Model */ = {
			isa = PBXGroup;
			children = (
			);
			path = Model;
			sourceTree = "<group>";
		};
		8955EC2E2B8F70240074CFC0 /* View */ = {
			isa = PBXGroup;
			children = (
				8955EC302B8F70380074CFC0 /* CartViewController.swift */,
			);
			path = View;
			sourceTree = "<group>";
		};
		8955EC2F2B8F702A0074CFC0 /* ViewModel */ = {
			isa = PBXGroup;
			children = (
			);
			path = ViewModel;
			sourceTree = "<group>";
		};
		8955EC322B8F76320074CFC0 /* View */ = {
			isa = PBXGroup;
			children = (
				8955EC342B8F764A0074CFC0 /* DetailViewController.swift */,
			);
			path = View;
			sourceTree = "<group>";
		};
		8955EC332B8F763B0074CFC0 /* ViewModel */ = {
			isa = PBXGroup;
			children = (
			);
			path = ViewModel;
			sourceTree = "<group>";
		};
		8955EC362B8F7B320074CFC0 /* Builder */ = {
			isa = PBXGroup;
			children = (
				8955EC372B8F7B400074CFC0 /* DetailBuilder.swift */,
			);
			path = Builder;
			sourceTree = "<group>";
		};
		8955EC3B2B8FC7DA0074CFC0 /* CartItem */ = {
			isa = PBXGroup;
			children = (
				8955EC3C2B8FC7F30074CFC0 /* CartItemView.swift */,
			);
			path = CartItem;
			sourceTree = "<group>";
		};
/* End PBXGroup section */

/* Begin PBXNativeTarget section */
		8955EBCA2B8F45B70074CFC0 /* Ecommerce */ = {
			isa = PBXNativeTarget;
			buildConfigurationList = 8955EBF82B8F45B90074CFC0 /* Build configuration list for PBXNativeTarget "Ecommerce" */;
			buildPhases = (
				8955EBC72B8F45B70074CFC0 /* Sources */,
				8955EBC82B8F45B70074CFC0 /* Frameworks */,
				8955EBC92B8F45B70074CFC0 /* Resources */,
			);
			buildRules = (
			);
			dependencies = (
			);
			name = Ecommerce;
			packageProductDependencies = (
				8955EC152B8F4A6C0074CFC0 /* Kingfisher */,
			);
			productName = Ecommerce;
			productReference = 8955EBCB2B8F45B70074CFC0 /* Ecommerce.app */;
			productType = "com.apple.product-type.application";
		};
		8955EBE32B8F45B80074CFC0 /* EcommerceTests */ = {
			isa = PBXNativeTarget;
			buildConfigurationList = 8955EBFB2B8F45B90074CFC0 /* Build configuration list for PBXNativeTarget "EcommerceTests" */;
			buildPhases = (
				8955EBE02B8F45B80074CFC0 /* Sources */,
				8955EBE12B8F45B80074CFC0 /* Frameworks */,
				8955EBE22B8F45B80074CFC0 /* Resources */,
			);
			buildRules = (
			);
			dependencies = (
				8955EBE62B8F45B80074CFC0 /* PBXTargetDependency */,
			);
			name = EcommerceTests;
			productName = EcommerceTests;
			productReference = 8955EBE42B8F45B80074CFC0 /* EcommerceTests.xctest */;
			productType = "com.apple.product-type.bundle.unit-test";
		};
		8955EBED2B8F45B80074CFC0 /* EcommerceUITests */ = {
			isa = PBXNativeTarget;
			buildConfigurationList = 8955EBFE2B8F45B90074CFC0 /* Build configuration list for PBXNativeTarget "EcommerceUITests" */;
			buildPhases = (
				8955EBEA2B8F45B80074CFC0 /* Sources */,
				8955EBEB2B8F45B80074CFC0 /* Frameworks */,
				8955EBEC2B8F45B80074CFC0 /* Resources */,
			);
			buildRules = (
			);
			dependencies = (
				8955EBF02B8F45B80074CFC0 /* PBXTargetDependency */,
			);
			name = EcommerceUITests;
			productName = EcommerceUITests;
			productReference = 8955EBEE2B8F45B80074CFC0 /* EcommerceUITests.xctest */;
			productType = "com.apple.product-type.bundle.ui-testing";
		};
/* End PBXNativeTarget section */

/* Begin PBXProject section */
		8955EBC32B8F45B70074CFC0 /* Project object */ = {
			isa = PBXProject;
			attributes = {
				BuildIndependentTargetsInParallel = 1;
				LastSwiftUpdateCheck = 1510;
				LastUpgradeCheck = 1510;
				TargetAttributes = {
					8955EBCA2B8F45B70074CFC0 = {
						CreatedOnToolsVersion = 15.1;
					};
					8955EBE32B8F45B80074CFC0 = {
						CreatedOnToolsVersion = 15.1;
						TestTargetID = 8955EBCA2B8F45B70074CFC0;
					};
					8955EBED2B8F45B80074CFC0 = {
						CreatedOnToolsVersion = 15.1;
						TestTargetID = 8955EBCA2B8F45B70074CFC0;
					};
				};
			};
			buildConfigurationList = 8955EBC62B8F45B70074CFC0 /* Build configuration list for PBXProject "Ecommerce" */;
			compatibilityVersion = "Xcode 14.0";
			developmentRegion = en;
			hasScannedForEncodings = 0;
			knownRegions = (
				en,
				Base,
			);
			mainGroup = 8955EBC22B8F45B70074CFC0;
			packageReferences = (
				8955EC142B8F4A6C0074CFC0 /* XCRemoteSwiftPackageReference "Kingfisher" */,
			);
			productRefGroup = 8955EBCC2B8F45B70074CFC0 /* Products */;
			projectDirPath = "";
			projectRoot = "";
			targets = (
				8955EBCA2B8F45B70074CFC0 /* Ecommerce */,
				8955EBE32B8F45B80074CFC0 /* EcommerceTests */,
				8955EBED2B8F45B80074CFC0 /* EcommerceUITests */,
			);
		};
/* End PBXProject section */

/* Begin PBXResourcesBuildPhase section */
		8955EBC92B8F45B70074CFC0 /* Resources */ = {
			isa = PBXResourcesBuildPhase;
			buildActionMask = 2147483647;
			files = (
				8955EBDE2B8F45B80074CFC0 /* LaunchScreen.storyboard in Resources */,
				8955EBDB2B8F45B80074CFC0 /* Assets.xcassets in Resources */,
				8955EBD62B8F45B70074CFC0 /* Main.storyboard in Resources */,
			);
			runOnlyForDeploymentPostprocessing = 0;
		};
		8955EBE22B8F45B80074CFC0 /* Resources */ = {
			isa = PBXResourcesBuildPhase;
			buildActionMask = 2147483647;
			files = (
			);
			runOnlyForDeploymentPostprocessing = 0;
		};
		8955EBEC2B8F45B80074CFC0 /* Resources */ = {
			isa = PBXResourcesBuildPhase;
			buildActionMask = 2147483647;
			files = (
			);
			runOnlyForDeploymentPostprocessing = 0;
		};
/* End PBXResourcesBuildPhase section */

/* Begin PBXSourcesBuildPhase section */
		8955EBC72B8F45B70074CFC0 /* Sources */ = {
			isa = PBXSourcesBuildPhase;
			buildActionMask = 2147483647;
			files = (
				8955EC0E2B8F49300074CFC0 /* CGFloat + Extensions.swift in Sources */,
				8955EC262B8F5DFF0074CFC0 /* CartManager.swift in Sources */,
				8955EC312B8F70380074CFC0 /* CartViewController.swift in Sources */,
				8955EBD32B8F45B70074CFC0 /* ViewController.swift in Sources */,
				8955EBCF2B8F45B70074CFC0 /* AppDelegate.swift in Sources */,
				8955EC2C2B8F6E7A0074CFC0 /* TabViewController.swift in Sources */,
				8955EC0B2B8F488B0074CFC0 /* ProductCell.swift in Sources */,
				8955EC132B8F49D60074CFC0 /* Item.swift in Sources */,
				8955EC382B8F7B400074CFC0 /* DetailBuilder.swift in Sources */,
				8955EBD92B8F45B70074CFC0 /* Ecommerce.xcdatamodeld in Sources */,
				8955EC3A2B8FC2A10074CFC0 /* StepperView.swift in Sources */,
				8955EBD12B8F45B70074CFC0 /* SceneDelegate.swift in Sources */,
				8955EC1B2B8F52F20074CFC0 /* UIView + Extensions.swift in Sources */,
				8955EC192B8F4DF80074CFC0 /* AddToCartView.swift in Sources */,
				8955EC352B8F764A0074CFC0 /* DetailViewController.swift in Sources */,
				8955EC3D2B8FC7F30074CFC0 /* CartItemView.swift in Sources */,
				8955EC232B8F59520074CFC0 /* CollectionViewCell + Extensions.swift in Sources */,
				8955EC202B8F58CA0074CFC0 /* ListingViewController.swift in Sources */,
			);
			runOnlyForDeploymentPostprocessing = 0;
		};
		8955EBE02B8F45B80074CFC0 /* Sources */ = {
			isa = PBXSourcesBuildPhase;
			buildActionMask = 2147483647;
			files = (
				8955EBE92B8F45B80074CFC0 /* EcommerceTests.swift in Sources */,
			);
			runOnlyForDeploymentPostprocessing = 0;
		};
		8955EBEA2B8F45B80074CFC0 /* Sources */ = {
			isa = PBXSourcesBuildPhase;
			buildActionMask = 2147483647;
			files = (
				8955EBF32B8F45B80074CFC0 /* EcommerceUITests.swift in Sources */,
				8955EBF52B8F45B80074CFC0 /* EcommerceUITestsLaunchTests.swift in Sources */,
			);
			runOnlyForDeploymentPostprocessing = 0;
		};
/* End PBXSourcesBuildPhase section */

/* Begin PBXTargetDependency section */
		8955EBE62B8F45B80074CFC0 /* PBXTargetDependency */ = {
			isa = PBXTargetDependency;
			target = 8955EBCA2B8F45B70074CFC0 /* Ecommerce */;
			targetProxy = 8955EBE52B8F45B80074CFC0 /* PBXContainerItemProxy */;
		};
		8955EBF02B8F45B80074CFC0 /* PBXTargetDependency */ = {
			isa = PBXTargetDependency;
			target = 8955EBCA2B8F45B70074CFC0 /* Ecommerce */;
			targetProxy = 8955EBEF2B8F45B80074CFC0 /* PBXContainerItemProxy */;
		};
/* End PBXTargetDependency section */

/* Begin PBXVariantGroup section */
		8955EBD42B8F45B70074CFC0 /* Main.storyboard */ = {
			isa = PBXVariantGroup;
			children = (
				8955EBD52B8F45B70074CFC0 /* Base */,
			);
			name = Main.storyboard;
			sourceTree = "<group>";
		};
		8955EBDC2B8F45B80074CFC0 /* LaunchScreen.storyboard */ = {
			isa = PBXVariantGroup;
			children = (
				8955EBDD2B8F45B80074CFC0 /* Base */,
			);
			name = LaunchScreen.storyboard;
			sourceTree = "<group>";
		};
/* End PBXVariantGroup section */

/* Begin XCBuildConfiguration section */
		8955EBF62B8F45B90074CFC0 /* Debug */ = {
			isa = XCBuildConfiguration;
			buildSettings = {
				ALWAYS_SEARCH_USER_PATHS = NO;
				ASSETCATALOG_COMPILER_GENERATE_SWIFT_ASSET_SYMBOL_EXTENSIONS = YES;
				CLANG_ANALYZER_NONNULL = YES;
				CLANG_ANALYZER_NUMBER_OBJECT_CONVERSION = YES_AGGRESSIVE;
				CLANG_CXX_LANGUAGE_STANDARD = "gnu++20";
				CLANG_ENABLE_MODULES = YES;
				CLANG_ENABLE_OBJC_ARC = YES;
				CLANG_ENABLE_OBJC_WEAK = YES;
				CLANG_WARN_BLOCK_CAPTURE_AUTORELEASING = YES;
				CLANG_WARN_BOOL_CONVERSION = YES;
				CLANG_WARN_COMMA = YES;
				CLANG_WARN_CONSTANT_CONVERSION = YES;
				CLANG_WARN_DEPRECATED_OBJC_IMPLEMENTATIONS = YES;
				CLANG_WARN_DIRECT_OBJC_ISA_USAGE = YES_ERROR;
				CLANG_WARN_DOCUMENTATION_COMMENTS = YES;
				CLANG_WARN_EMPTY_BODY = YES;
				CLANG_WARN_ENUM_CONVERSION = YES;
				CLANG_WARN_INFINITE_RECURSION = YES;
				CLANG_WARN_INT_CONVERSION = YES;
				CLANG_WARN_NON_LITERAL_NULL_CONVERSION = YES;
				CLANG_WARN_OBJC_IMPLICIT_RETAIN_SELF = YES;
				CLANG_WARN_OBJC_LITERAL_CONVERSION = YES;
				CLANG_WARN_OBJC_ROOT_CLASS = YES_ERROR;
				CLANG_WARN_QUOTED_INCLUDE_IN_FRAMEWORK_HEADER = YES;
				CLANG_WARN_RANGE_LOOP_ANALYSIS = YES;
				CLANG_WARN_STRICT_PROTOTYPES = YES;
				CLANG_WARN_SUSPICIOUS_MOVE = YES;
				CLANG_WARN_UNGUARDED_AVAILABILITY = YES_AGGRESSIVE;
				CLANG_WARN_UNREACHABLE_CODE = YES;
				CLANG_WARN__DUPLICATE_METHOD_MATCH = YES;
				COPY_PHASE_STRIP = NO;
				DEBUG_INFORMATION_FORMAT = dwarf;
				ENABLE_STRICT_OBJC_MSGSEND = YES;
				ENABLE_TESTABILITY = YES;
				ENABLE_USER_SCRIPT_SANDBOXING = YES;
				GCC_C_LANGUAGE_STANDARD = gnu17;
				GCC_DYNAMIC_NO_PIC = NO;
				GCC_NO_COMMON_BLOCKS = YES;
				GCC_OPTIMIZATION_LEVEL = 0;
				GCC_PREPROCESSOR_DEFINITIONS = (
					"DEBUG=1",
					"$(inherited)",
				);
				GCC_WARN_64_TO_32_BIT_CONVERSION = YES;
				GCC_WARN_ABOUT_RETURN_TYPE = YES_ERROR;
				GCC_WARN_UNDECLARED_SELECTOR = YES;
				GCC_WARN_UNINITIALIZED_AUTOS = YES_AGGRESSIVE;
				GCC_WARN_UNUSED_FUNCTION = YES;
				GCC_WARN_UNUSED_VARIABLE = YES;
				IPHONEOS_DEPLOYMENT_TARGET = 17.2;
				LOCALIZATION_PREFERS_STRING_CATALOGS = YES;
				MTL_ENABLE_DEBUG_INFO = INCLUDE_SOURCE;
				MTL_FAST_MATH = YES;
				ONLY_ACTIVE_ARCH = YES;
				SDKROOT = iphoneos;
				SWIFT_ACTIVE_COMPILATION_CONDITIONS = "DEBUG $(inherited)";
				SWIFT_OPTIMIZATION_LEVEL = "-Onone";
			};
			name = Debug;
		};
		8955EBF72B8F45B90074CFC0 /* Release */ = {
			isa = XCBuildConfiguration;
			buildSettings = {
				ALWAYS_SEARCH_USER_PATHS = NO;
				ASSETCATALOG_COMPILER_GENERATE_SWIFT_ASSET_SYMBOL_EXTENSIONS = YES;
				CLANG_ANALYZER_NONNULL = YES;
				CLANG_ANALYZER_NUMBER_OBJECT_CONVERSION = YES_AGGRESSIVE;
				CLANG_CXX_LANGUAGE_STANDARD = "gnu++20";
				CLANG_ENABLE_MODULES = YES;
				CLANG_ENABLE_OBJC_ARC = YES;
				CLANG_ENABLE_OBJC_WEAK = YES;
				CLANG_WARN_BLOCK_CAPTURE_AUTORELEASING = YES;
				CLANG_WARN_BOOL_CONVERSION = YES;
				CLANG_WARN_COMMA = YES;
				CLANG_WARN_CONSTANT_CONVERSION = YES;
				CLANG_WARN_DEPRECATED_OBJC_IMPLEMENTATIONS = YES;
				CLANG_WARN_DIRECT_OBJC_ISA_USAGE = YES_ERROR;
				CLANG_WARN_DOCUMENTATION_COMMENTS = YES;
				CLANG_WARN_EMPTY_BODY = YES;
				CLANG_WARN_ENUM_CONVERSION = YES;
				CLANG_WARN_INFINITE_RECURSION = YES;
				CLANG_WARN_INT_CONVERSION = YES;
				CLANG_WARN_NON_LITERAL_NULL_CONVERSION = YES;
				CLANG_WARN_OBJC_IMPLICIT_RETAIN_SELF = YES;
				CLANG_WARN_OBJC_LITERAL_CONVERSION = YES;
				CLANG_WARN_OBJC_ROOT_CLASS = YES_ERROR;
				CLANG_WARN_QUOTED_INCLUDE_IN_FRAMEWORK_HEADER = YES;
				CLANG_WARN_RANGE_LOOP_ANALYSIS = YES;
				CLANG_WARN_STRICT_PROTOTYPES = YES;
				CLANG_WARN_SUSPICIOUS_MOVE = YES;
				CLANG_WARN_UNGUARDED_AVAILABILITY = YES_AGGRESSIVE;
				CLANG_WARN_UNREACHABLE_CODE = YES;
				CLANG_WARN__DUPLICATE_METHOD_MATCH = YES;
				COPY_PHASE_STRIP = NO;
				DEBUG_INFORMATION_FORMAT = "dwarf-with-dsym";
				ENABLE_NS_ASSERTIONS = NO;
				ENABLE_STRICT_OBJC_MSGSEND = YES;
				ENABLE_USER_SCRIPT_SANDBOXING = YES;
				GCC_C_LANGUAGE_STANDARD = gnu17;
				GCC_NO_COMMON_BLOCKS = YES;
				GCC_WARN_64_TO_32_BIT_CONVERSION = YES;
				GCC_WARN_ABOUT_RETURN_TYPE = YES_ERROR;
				GCC_WARN_UNDECLARED_SELECTOR = YES;
				GCC_WARN_UNINITIALIZED_AUTOS = YES_AGGRESSIVE;
				GCC_WARN_UNUSED_FUNCTION = YES;
				GCC_WARN_UNUSED_VARIABLE = YES;
				IPHONEOS_DEPLOYMENT_TARGET = 17.2;
				LOCALIZATION_PREFERS_STRING_CATALOGS = YES;
				MTL_ENABLE_DEBUG_INFO = NO;
				MTL_FAST_MATH = YES;
				SDKROOT = iphoneos;
				SWIFT_COMPILATION_MODE = wholemodule;
				VALIDATE_PRODUCT = YES;
			};
			name = Release;
		};
		8955EBF92B8F45B90074CFC0 /* Debug */ = {
			isa = XCBuildConfiguration;
			buildSettings = {
				ASSETCATALOG_COMPILER_APPICON_NAME = AppIcon;
				ASSETCATALOG_COMPILER_GLOBAL_ACCENT_COLOR_NAME = AccentColor;
				CODE_SIGN_STYLE = Automatic;
				CURRENT_PROJECT_VERSION = 1;
				DEVELOPMENT_TEAM = NK58S3KAF3;
				GENERATE_INFOPLIST_FILE = YES;
				INFOPLIST_FILE = Ecommerce/Info.plist;
				INFOPLIST_KEY_UIApplicationSupportsIndirectInputEvents = YES;
				INFOPLIST_KEY_UILaunchStoryboardName = LaunchScreen;
				INFOPLIST_KEY_UIMainStoryboardFile = Main;
				INFOPLIST_KEY_UISupportedInterfaceOrientations_iPad = "UIInterfaceOrientationPortrait UIInterfaceOrientationPortraitUpsideDown UIInterfaceOrientationLandscapeLeft UIInterfaceOrientationLandscapeRight";
				INFOPLIST_KEY_UISupportedInterfaceOrientations_iPhone = "UIInterfaceOrientationPortrait UIInterfaceOrientationLandscapeLeft UIInterfaceOrientationLandscapeRight";
				LD_RUNPATH_SEARCH_PATHS = (
					"$(inherited)",
					"@executable_path/Frameworks",
				);
				MARKETING_VERSION = 1.0;
				PRODUCT_BUNDLE_IDENTIFIER = com.fahrettingolcuk.Ecommerce;
				PRODUCT_NAME = "$(TARGET_NAME)";
				SWIFT_EMIT_LOC_STRINGS = YES;
				SWIFT_VERSION = 5.0;
				TARGETED_DEVICE_FAMILY = "1,2";
			};
			name = Debug;
		};
		8955EBFA2B8F45B90074CFC0 /* Release */ = {
			isa = XCBuildConfiguration;
			buildSettings = {
				ASSETCATALOG_COMPILER_APPICON_NAME = AppIcon;
				ASSETCATALOG_COMPILER_GLOBAL_ACCENT_COLOR_NAME = AccentColor;
				CODE_SIGN_STYLE = Automatic;
				CURRENT_PROJECT_VERSION = 1;
				DEVELOPMENT_TEAM = NK58S3KAF3;
				GENERATE_INFOPLIST_FILE = YES;
				INFOPLIST_FILE = Ecommerce/Info.plist;
				INFOPLIST_KEY_UIApplicationSupportsIndirectInputEvents = YES;
				INFOPLIST_KEY_UILaunchStoryboardName = LaunchScreen;
				INFOPLIST_KEY_UIMainStoryboardFile = Main;
				INFOPLIST_KEY_UISupportedInterfaceOrientations_iPad = "UIInterfaceOrientationPortrait UIInterfaceOrientationPortraitUpsideDown UIInterfaceOrientationLandscapeLeft UIInterfaceOrientationLandscapeRight";
				INFOPLIST_KEY_UISupportedInterfaceOrientations_iPhone = "UIInterfaceOrientationPortrait UIInterfaceOrientationLandscapeLeft UIInterfaceOrientationLandscapeRight";
				LD_RUNPATH_SEARCH_PATHS = (
					"$(inherited)",
					"@executable_path/Frameworks",
				);
				MARKETING_VERSION = 1.0;
				PRODUCT_BUNDLE_IDENTIFIER = com.fahrettingolcuk.Ecommerce;
				PRODUCT_NAME = "$(TARGET_NAME)";
				SWIFT_EMIT_LOC_STRINGS = YES;
				SWIFT_VERSION = 5.0;
				TARGETED_DEVICE_FAMILY = "1,2";
			};
			name = Release;
		};
		8955EBFC2B8F45B90074CFC0 /* Debug */ = {
			isa = XCBuildConfiguration;
			buildSettings = {
				ALWAYS_EMBED_SWIFT_STANDARD_LIBRARIES = YES;
				BUNDLE_LOADER = "$(TEST_HOST)";
				CODE_SIGN_STYLE = Automatic;
				CURRENT_PROJECT_VERSION = 1;
				DEVELOPMENT_TEAM = NK58S3KAF3;
				GENERATE_INFOPLIST_FILE = YES;
				IPHONEOS_DEPLOYMENT_TARGET = 17.2;
				MARKETING_VERSION = 1.0;
				PRODUCT_BUNDLE_IDENTIFIER = com.fahrettingolcuk.EcommerceTests;
				PRODUCT_NAME = "$(TARGET_NAME)";
				SWIFT_EMIT_LOC_STRINGS = NO;
				SWIFT_VERSION = 5.0;
				TARGETED_DEVICE_FAMILY = "1,2";
				TEST_HOST = "$(BUILT_PRODUCTS_DIR)/Ecommerce.app/$(BUNDLE_EXECUTABLE_FOLDER_PATH)/Ecommerce";
			};
			name = Debug;
		};
		8955EBFD2B8F45B90074CFC0 /* Release */ = {
			isa = XCBuildConfiguration;
			buildSettings = {
				ALWAYS_EMBED_SWIFT_STANDARD_LIBRARIES = YES;
				BUNDLE_LOADER = "$(TEST_HOST)";
				CODE_SIGN_STYLE = Automatic;
				CURRENT_PROJECT_VERSION = 1;
				DEVELOPMENT_TEAM = NK58S3KAF3;
				GENERATE_INFOPLIST_FILE = YES;
				IPHONEOS_DEPLOYMENT_TARGET = 17.2;
				MARKETING_VERSION = 1.0;
				PRODUCT_BUNDLE_IDENTIFIER = com.fahrettingolcuk.EcommerceTests;
				PRODUCT_NAME = "$(TARGET_NAME)";
				SWIFT_EMIT_LOC_STRINGS = NO;
				SWIFT_VERSION = 5.0;
				TARGETED_DEVICE_FAMILY = "1,2";
				TEST_HOST = "$(BUILT_PRODUCTS_DIR)/Ecommerce.app/$(BUNDLE_EXECUTABLE_FOLDER_PATH)/Ecommerce";
			};
			name = Release;
		};
		8955EBFF2B8F45B90074CFC0 /* Debug */ = {
			isa = XCBuildConfiguration;
			buildSettings = {
				ALWAYS_EMBED_SWIFT_STANDARD_LIBRARIES = YES;
				CODE_SIGN_STYLE = Automatic;
				CURRENT_PROJECT_VERSION = 1;
				DEVELOPMENT_TEAM = NK58S3KAF3;
				GENERATE_INFOPLIST_FILE = YES;
				MARKETING_VERSION = 1.0;
				PRODUCT_BUNDLE_IDENTIFIER = com.fahrettingolcuk.EcommerceUITests;
				PRODUCT_NAME = "$(TARGET_NAME)";
				SWIFT_EMIT_LOC_STRINGS = NO;
				SWIFT_VERSION = 5.0;
				TARGETED_DEVICE_FAMILY = "1,2";
				TEST_TARGET_NAME = Ecommerce;
			};
			name = Debug;
		};
		8955EC002B8F45B90074CFC0 /* Release */ = {
			isa = XCBuildConfiguration;
			buildSettings = {
				ALWAYS_EMBED_SWIFT_STANDARD_LIBRARIES = YES;
				CODE_SIGN_STYLE = Automatic;
				CURRENT_PROJECT_VERSION = 1;
				DEVELOPMENT_TEAM = NK58S3KAF3;
				GENERATE_INFOPLIST_FILE = YES;
				MARKETING_VERSION = 1.0;
				PRODUCT_BUNDLE_IDENTIFIER = com.fahrettingolcuk.EcommerceUITests;
				PRODUCT_NAME = "$(TARGET_NAME)";
				SWIFT_EMIT_LOC_STRINGS = NO;
				SWIFT_VERSION = 5.0;
				TARGETED_DEVICE_FAMILY = "1,2";
				TEST_TARGET_NAME = Ecommerce;
			};
			name = Release;
		};
/* End XCBuildConfiguration section */

/* Begin XCConfigurationList section */
		8955EBC62B8F45B70074CFC0 /* Build configuration list for PBXProject "Ecommerce" */ = {
			isa = XCConfigurationList;
			buildConfigurations = (
				8955EBF62B8F45B90074CFC0 /* Debug */,
				8955EBF72B8F45B90074CFC0 /* Release */,
			);
			defaultConfigurationIsVisible = 0;
			defaultConfigurationName = Release;
		};
		8955EBF82B8F45B90074CFC0 /* Build configuration list for PBXNativeTarget "Ecommerce" */ = {
			isa = XCConfigurationList;
			buildConfigurations = (
				8955EBF92B8F45B90074CFC0 /* Debug */,
				8955EBFA2B8F45B90074CFC0 /* Release */,
			);
			defaultConfigurationIsVisible = 0;
			defaultConfigurationName = Release;
		};
		8955EBFB2B8F45B90074CFC0 /* Build configuration list for PBXNativeTarget "EcommerceTests" */ = {
			isa = XCConfigurationList;
			buildConfigurations = (
				8955EBFC2B8F45B90074CFC0 /* Debug */,
				8955EBFD2B8F45B90074CFC0 /* Release */,
			);
			defaultConfigurationIsVisible = 0;
			defaultConfigurationName = Release;
		};
		8955EBFE2B8F45B90074CFC0 /* Build configuration list for PBXNativeTarget "EcommerceUITests" */ = {
			isa = XCConfigurationList;
			buildConfigurations = (
				8955EBFF2B8F45B90074CFC0 /* Debug */,
				8955EC002B8F45B90074CFC0 /* Release */,
			);
			defaultConfigurationIsVisible = 0;
			defaultConfigurationName = Release;
		};
/* End XCConfigurationList section */

/* Begin XCRemoteSwiftPackageReference section */
		8955EC142B8F4A6C0074CFC0 /* XCRemoteSwiftPackageReference "Kingfisher" */ = {
			isa = XCRemoteSwiftPackageReference;
			repositoryURL = "https://github.com/onevcat/Kingfisher.git";
			requirement = {
				kind = upToNextMajorVersion;
				minimumVersion = 7.11.0;
			};
		};
/* End XCRemoteSwiftPackageReference section */

/* Begin XCSwiftPackageProductDependency section */
		8955EC152B8F4A6C0074CFC0 /* Kingfisher */ = {
			isa = XCSwiftPackageProductDependency;
			package = 8955EC142B8F4A6C0074CFC0 /* XCRemoteSwiftPackageReference "Kingfisher" */;
			productName = Kingfisher;
		};
/* End XCSwiftPackageProductDependency section */

/* Begin XCVersionGroup section */
		8955EBD72B8F45B70074CFC0 /* Ecommerce.xcdatamodeld */ = {
			isa = XCVersionGroup;
			children = (
				8955EBD82B8F45B70074CFC0 /* Ecommerce.xcdatamodel */,
			);
			currentVersion = 8955EBD82B8F45B70074CFC0 /* Ecommerce.xcdatamodel */;
			path = Ecommerce.xcdatamodeld;
			sourceTree = "<group>";
			versionGroupType = wrapper.xcdatamodel;
		};
/* End XCVersionGroup section */
	};
	rootObject = 8955EBC32B8F45B70074CFC0 /* Project object */;
}
